
Microsoft Visual Studio Solution File, Format Version 12.00
# Visual Studio Version 17
VisualStudioVersion = 17.11.35222.181
MinimumVisualStudioVersion = 10.0.40219.1
Project("{9A19103F-16F7-4668-BE54-9A1E7A4F7556}") = "aquaapi", "aquaapi\aquaapi.csproj", "{4FF21AE2-B54B-43DA-B3CF-FF3353C53FD1}"
EndProject
Project("{2150E333-8FDC-42A3-9474-1A3956D46DE8}") = "Dockerfiles", "Dockerfiles", "{32591260-D9E3-4415-995A-79432B4B744B}"
	ProjectSection(SolutionItems) = preProject
		.dockerignore = .dockerignore
		Dockerfile = Dockerfile
	EndProjectSection
EndProject
Global
	GlobalSection(SolutionConfigurationPlatforms) = preSolution
		Debug|Any CPU = Debug|Any CPU
		Release|Any CPU = Release|Any CPU
	EndGlobalSection
	GlobalSection(ProjectConfigurationPlatforms) = postSolution
		{4FF21AE2-B54B-43DA-B3CF-FF3353C53FD1}.Debug|Any CPU.ActiveCfg = Debug|Any CPU
		{4FF21AE2-B54B-43DA-B3CF-FF3353C53FD1}.Debug|Any CPU.Build.0 = Debug|Any CPU
		{4FF21AE2-B54B-43DA-B3CF-FF3353C53FD1}.Release|Any CPU.ActiveCfg = Release|Any CPU
		{4FF21AE2-B54B-43DA-B3CF-FF3353C53FD1}.Release|Any CPU.Build.0 = Release|Any CPU
	EndGlobalSection
	GlobalSection(SolutionProperties) = preSolution
		HideSolutionNode = FALSE
	EndGlobalSection
	GlobalSection(ExtensibilityGlobals) = postSolution
		SolutionGuid = {E3D7C888-B890-4798-B566-92D16FF56990}
	EndGlobalSection
EndGlobal
