
Microsoft Visual Studio Solution File, Format Version 12.00
# Visual Studio Version 17
VisualStudioVersion = 17.11.35222.181
MinimumVisualStudioVersion = 10.0.40219.1
Project("{9A19103F-16F7-4668-BE54-9A1E7A4F7556}") = "aquaapi", "aquaapi\aquaapi.csproj", "{4FF21AE2-B54B-43DA-B3CF-FF3353C53FD1}"
EndProject
Project("{9A19103F-16F7-4668-BE54-9A1E7A4F7556}") = "PadelStats.Import", "PadelStats.Import\PadelStats.Import.csproj", "{F15A203B-8244-4B05-B171-DA40C7FCFB8F}"
EndProject
Project("{9A19103F-16F7-4668-BE54-9A1E7A4F7556}") = "PadelStats.Import.PdfToCSV", "PadelStats.Import.PdfToCSV\PadelStats.Import.PdfToCSV.csproj", "{94BBFC08-AA95-4639-9083-D19744F1897A}"
EndProject
Global
	GlobalSection(SolutionConfigurationPlatforms) = preSolution
		Debug|Any CPU = Debug|Any CPU
		Release|Any CPU = Release|Any CPU
	EndGlobalSection
	GlobalSection(ProjectConfigurationPlatforms) = postSolution
		{4FF21AE2-B54B-43DA-B3CF-FF3353C53FD1}.Debug|Any CPU.ActiveCfg = Debug|Any CPU
		{4FF21AE2-B54B-43DA-B3CF-FF3353C53FD1}.Debug|Any CPU.Build.0 = Debug|Any CPU
		{4FF21AE2-B54B-43DA-B3CF-FF3353C53FD1}.Release|Any CPU.ActiveCfg = Release|Any CPU
		{4FF21AE2-B54B-43DA-B3CF-FF3353C53FD1}.Release|Any CPU.Build.0 = Release|Any CPU
		{F15A203B-8244-4B05-B171-DA40C7FCFB8F}.Debug|Any CPU.ActiveCfg = Debug|Any CPU
		{F15A203B-8244-4B05-B171-DA40C7FCFB8F}.Debug|Any CPU.Build.0 = Debug|Any CPU
		{F15A203B-8244-4B05-B171-DA40C7FCFB8F}.Release|Any CPU.ActiveCfg = Release|Any CPU
		{F15A203B-8244-4B05-B171-DA40C7FCFB8F}.Release|Any CPU.Build.0 = Release|Any CPU
		{94BBFC08-AA95-4639-9083-D19744F1897A}.Debug|Any CPU.ActiveCfg = Debug|Any CPU
		{94BBFC08-AA95-4639-9083-D19744F1897A}.Debug|Any CPU.Build.0 = Debug|Any CPU
		{94BBFC08-AA95-4639-9083-D19744F1897A}.Release|Any CPU.ActiveCfg = Release|Any CPU
		{94BBFC08-AA95-4639-9083-D19744F1897A}.Release|Any CPU.Build.0 = Release|Any CPU
	EndGlobalSection
	GlobalSection(SolutionProperties) = preSolution
		HideSolutionNode = FALSE
	EndGlobalSection
	GlobalSection(ExtensibilityGlobals) = postSolution
		SolutionGuid = {E3D7C888-B890-4798-B566-92D16FF56990}
	EndGlobalSection
EndGlobal
